
Microsoft Visual Studio Solution File, Format Version 12.00
# Visual Studio Version 17
VisualStudioVersion = 17.7.34031.279
MinimumVisualStudioVersion = 10.0.40219.1
Project("{2150E333-8FDC-42A3-9474-1A3956D46DE8}") = "1-Api", "1-Api", "{0791C013-78BC-4D86-870D-C3DE593EFB18}"
EndProject
Project("{2150E333-8FDC-42A3-9474-1A3956D46DE8}") = "2-Services", "2-Services", "{2486AD35-0190-4902-96C6-144D3C106FDE}"
EndProject
Project("{2150E333-8FDC-42A3-9474-1A3956D46DE8}") = "3-Domain", "3-Domain", "{F0C95CDB-DB5C-4BC2-83F6-71633A89A7C0}"
EndProject
Project("{2150E333-8FDC-42A3-9474-1A3956D46DE8}") = "4-Infra", "4-Infra", "{FE440AD0-4CEB-497A-BF06-E482D71693D0}"
EndProject
Project("{2150E333-8FDC-42A3-9474-1A3956D46DE8}") = "5-Tests", "5-Tests", "{A6817D44-1F32-46A2-BF09-D84EE90C4B97}"
EndProject
Project("{FAE04EC0-301F-11D3-BF4B-00C04F79EFBC}") = "WebApi", "WebApi\WebApi.csproj", "{4C5C7BB3-350C-4184-9EEF-35DD168E0967}"
EndProject
Project("{FAE04EC0-301F-11D3-BF4B-00C04F79EFBC}") = "Infra", "Infra\Infra.csproj", "{669023DF-4DA0-4590-A65A-2DD44F2CD720}"
EndProject
Project("{FAE04EC0-301F-11D3-BF4B-00C04F79EFBC}") = "Domain", "Domain\Domain.csproj", "{82237BE8-3AAC-48B8-8825-2FACD3BBF8F0}"
EndProject
Project("{FAE04EC0-301F-11D3-BF4B-00C04F79EFBC}") = "Services", "Services\Services.csproj", "{3580D410-B267-4B60-9158-7556CA804783}"
EndProject
Global
	GlobalSection(SolutionConfigurationPlatforms) = preSolution
		Debug|Any CPU = Debug|Any CPU
		Release|Any CPU = Release|Any CPU
	EndGlobalSection
	GlobalSection(ProjectConfigurationPlatforms) = postSolution
		{4C5C7BB3-350C-4184-9EEF-35DD168E0967}.Debug|Any CPU.ActiveCfg = Debug|Any CPU
		{4C5C7BB3-350C-4184-9EEF-35DD168E0967}.Debug|Any CPU.Build.0 = Debug|Any CPU
		{4C5C7BB3-350C-4184-9EEF-35DD168E0967}.Release|Any CPU.ActiveCfg = Release|Any CPU
		{4C5C7BB3-350C-4184-9EEF-35DD168E0967}.Release|Any CPU.Build.0 = Release|Any CPU
		{669023DF-4DA0-4590-A65A-2DD44F2CD720}.Debug|Any CPU.ActiveCfg = Debug|Any CPU
		{669023DF-4DA0-4590-A65A-2DD44F2CD720}.Debug|Any CPU.Build.0 = Debug|Any CPU
		{669023DF-4DA0-4590-A65A-2DD44F2CD720}.Release|Any CPU.ActiveCfg = Release|Any CPU
		{669023DF-4DA0-4590-A65A-2DD44F2CD720}.Release|Any CPU.Build.0 = Release|Any CPU
		{82237BE8-3AAC-48B8-8825-2FACD3BBF8F0}.Debug|Any CPU.ActiveCfg = Debug|Any CPU
		{82237BE8-3AAC-48B8-8825-2FACD3BBF8F0}.Debug|Any CPU.Build.0 = Debug|Any CPU
		{82237BE8-3AAC-48B8-8825-2FACD3BBF8F0}.Release|Any CPU.ActiveCfg = Release|Any CPU
		{82237BE8-3AAC-48B8-8825-2FACD3BBF8F0}.Release|Any CPU.Build.0 = Release|Any CPU
		{3580D410-B267-4B60-9158-7556CA804783}.Debug|Any CPU.ActiveCfg = Debug|Any CPU
		{3580D410-B267-4B60-9158-7556CA804783}.Debug|Any CPU.Build.0 = Debug|Any CPU
		{3580D410-B267-4B60-9158-7556CA804783}.Release|Any CPU.ActiveCfg = Release|Any CPU
		{3580D410-B267-4B60-9158-7556CA804783}.Release|Any CPU.Build.0 = Release|Any CPU
	EndGlobalSection
	GlobalSection(SolutionProperties) = preSolution
		HideSolutionNode = FALSE
	EndGlobalSection
	GlobalSection(NestedProjects) = preSolution
		{4C5C7BB3-350C-4184-9EEF-35DD168E0967} = {0791C013-78BC-4D86-870D-C3DE593EFB18}
		{669023DF-4DA0-4590-A65A-2DD44F2CD720} = {FE440AD0-4CEB-497A-BF06-E482D71693D0}
		{82237BE8-3AAC-48B8-8825-2FACD3BBF8F0} = {F0C95CDB-DB5C-4BC2-83F6-71633A89A7C0}
		{3580D410-B267-4B60-9158-7556CA804783} = {2486AD35-0190-4902-96C6-144D3C106FDE}
	EndGlobalSection
	GlobalSection(ExtensibilityGlobals) = postSolution
		SolutionGuid = {C01BDC47-0ABA-4180-9691-E60AC9118612}
	EndGlobalSection
EndGlobal
